PODS:
  - Alamofire (4.7.2)
  - CarbonKit (2.2.2)
  - Charts (3.1.1):
    - Charts/Core (= 3.1.1)
  - Charts/Core (3.1.1)
  - DateToolsSwift (4.0.0)
  - DropDown (2.3.2)
  - DropDownMenuKit (0.8.4)
  - FSCalendar (2.7.9)
  - MBProgressHUD (1.1.0)
  - SwiftHash (2.0.1)
  - SwiftyJSON (4.1.0)
  - WRCalendarView (1.0.1):
    - DateToolsSwift

DEPENDENCIES:
  - Alamofire
  - CarbonKit
  - Charts
  - DropDown
  - DropDownMenuKit
  - FSCalendar
  - MBProgressHUD
  - SwiftHash
  - SwiftyJSON
  - WRCalendarView

SPEC REPOS:
  https://github.com/cocoapods/specs.git:
    - Alamofire
    - CarbonKit
    - Charts
    - DateToolsSwift
    - DropDown
    - DropDownMenuKit
    - FSCalendar
    - MBProgressHUD
    - SwiftHash
    - SwiftyJSON
    - WRCalendarView

SPEC CHECKSUMS:
  Alamofire: e4fa87002c137ba2d8d634d2c51fabcda0d5c223
  CarbonKit: 0dec4738fa489b4c043a5f850c27fd0dbefb57cc
  Charts: 90a4d61da0f6e06684c591e3bcab11940fe61736
  DateToolsSwift: 875d97ff9e3a5d54abdd67a269b3f51c757b71ab
  DropDown: 7f87abecc28f9b4edad810fe1211c5c018c257e5
  DropDownMenuKit: 3800deee46883bb09725376d987900768532f588
  FSCalendar: a04b09f16f811bc92e82f3cf852a15225233b9d5
  MBProgressHUD: e7baa36a220447d8aeb12769bf0585582f3866d9
  SwiftHash: c805de5a434eacfa0dac7210745a50c55d7fe33d
  SwiftyJSON: c29297daf073d2aa016295d5809cdd68045c39b3
  WRCalendarView: 80051cb13087892eac70edf2028664cae7bae718

PODFILE CHECKSUM: 163d07d018af4bb9b0b75444f8e4b4d11066b5e9

COCOAPODS: 1.5.2
